
Microsoft Visual Studio Solution File, Format Version 12.00
# Visual Studio Version 17
VisualStudioVersion = 17.14.36109.1 d17.14
MinimumVisualStudioVersion = 10.0.40219.1
Project("{FAE04EC0-301F-11D3-BF4B-00C04F79EFBC}") = "Checkpoint2", "Checkpoint2\Checkpoint2.csproj", "{5E76E2A9-A1CC-4C0B-9C8A-8FAF6C8AB734}"
EndProject
Global
	GlobalSection(SolutionConfigurationPlatforms) = preSolution
		Debug|Any CPU = Debug|Any CPU
		Release|Any CPU = Release|Any CPU
	EndGlobalSection
	GlobalSection(ProjectConfigurationPlatforms) = postSolution
		{5E76E2A9-A1CC-4C0B-9C8A-8FAF6C8AB734}.Debug|Any CPU.ActiveCfg = Debug|Any CPU
		{5E76E2A9-A1CC-4C0B-9C8A-8FAF6C8AB734}.Debug|Any CPU.Build.0 = Debug|Any CPU
		{5E76E2A9-A1CC-4C0B-9C8A-8FAF6C8AB734}.Release|Any CPU.ActiveCfg = Release|Any CPU
		{5E76E2A9-A1CC-4C0B-9C8A-8FAF6C8AB734}.Release|Any CPU.Build.0 = Release|Any CPU
	EndGlobalSection
	GlobalSection(SolutionProperties) = preSolution
		HideSolutionNode = FALSE
	EndGlobalSection
	GlobalSection(ExtensibilityGlobals) = postSolution
		SolutionGuid = {A93FB2BC-EF9D-4EEE-A93D-0B6335A0593D}
	EndGlobalSection
EndGlobal
